
Microsoft Visual Studio Solution File, Format Version 12.00
# Visual Studio Version 16
VisualStudioVersion = 16.0.31129.286
MinimumVisualStudioVersion = 10.0.40219.1
Project("{FAE04EC0-301F-11D3-BF4B-00C04F79EFBC}") = "ITL.Energy2DExporter", "ITL.Energy2DExporter\ITL.Energy2DExporter.csproj", "{D65C38D1-ECDF-4582-97ED-37B7914C33B0}"
EndProject
Global
	GlobalSection(SolutionConfigurationPlatforms) = preSolution
		Debug|Any CPU = Debug|Any CPU
		Release|Any CPU = Release|Any CPU
	EndGlobalSection
	GlobalSection(ProjectConfigurationPlatforms) = postSolution
		{D65C38D1-ECDF-4582-97ED-37B7914C33B0}.Debug|Any CPU.ActiveCfg = Debug|Any CPU
		{D65C38D1-ECDF-4582-97ED-37B7914C33B0}.Debug|Any CPU.Build.0 = Debug|Any CPU
		{D65C38D1-ECDF-4582-97ED-37B7914C33B0}.Release|Any CPU.ActiveCfg = Release|Any CPU
		{D65C38D1-ECDF-4582-97ED-37B7914C33B0}.Release|Any CPU.Build.0 = Release|Any CPU
	EndGlobalSection
	GlobalSection(SolutionProperties) = preSolution
		HideSolutionNode = FALSE
	EndGlobalSection
	GlobalSection(ExtensibilityGlobals) = postSolution
		SolutionGuid = {D41500E0-D503-46EF-A75C-75CDFABAE67C}
	EndGlobalSection
EndGlobal
